
Microsoft Visual Studio Solution File, Format Version 12.00
# Visual Studio Express 2013 for Web
VisualStudioVersion = 12.0.21005.1
MinimumVisualStudioVersion = 10.0.40219.1
Project("{FAE04EC0-301F-11D3-BF4B-00C04F79EFBC}") = "OOP", "OOP\OOP.csproj", "{33CA1233-222D-40EE-9C01-4A70CE0C85FC}"
EndProject
Project("{FAE04EC0-301F-11D3-BF4B-00C04F79EFBC}") = "OOPTests", "OOPTests\OOPTests.csproj", "{258BF568-286D-4B24-B2DC-A4B145C6DDF2}"
EndProject
Global
	GlobalSection(SolutionConfigurationPlatforms) = preSolution
		Debug|Any CPU = Debug|Any CPU
		Release|Any CPU = Release|Any CPU
	EndGlobalSection
	GlobalSection(ProjectConfigurationPlatforms) = postSolution
		{33CA1233-222D-40EE-9C01-4A70CE0C85FC}.Debug|Any CPU.ActiveCfg = Debug|Any CPU
		{33CA1233-222D-40EE-9C01-4A70CE0C85FC}.Debug|Any CPU.Build.0 = Debug|Any CPU
		{33CA1233-222D-40EE-9C01-4A70CE0C85FC}.Release|Any CPU.ActiveCfg = Release|Any CPU
		{33CA1233-222D-40EE-9C01-4A70CE0C85FC}.Release|Any CPU.Build.0 = Release|Any CPU
		{258BF568-286D-4B24-B2DC-A4B145C6DDF2}.Debug|Any CPU.ActiveCfg = Debug|Any CPU
		{258BF568-286D-4B24-B2DC-A4B145C6DDF2}.Debug|Any CPU.Build.0 = Debug|Any CPU
		{258BF568-286D-4B24-B2DC-A4B145C6DDF2}.Release|Any CPU.ActiveCfg = Release|Any CPU
		{258BF568-286D-4B24-B2DC-A4B145C6DDF2}.Release|Any CPU.Build.0 = Release|Any CPU
	EndGlobalSection
	GlobalSection(SolutionProperties) = preSolution
		HideSolutionNode = FALSE
	EndGlobalSection
EndGlobal
